// !$*UTF8*$!
{
	archiveVersion = 1;
	classes = {
	};
	objectVersion = 52;
	objects = {

/* Begin PBXBuildFile section */
		2366CF2925FFFB6A00692718 /* ZMoviesApp.swift in Sources */ = {isa = PBXBuildFile; fileRef = 2366CF2825FFFB6A00692718 /* ZMoviesApp.swift */; };
		2366CF2B25FFFB6A00692718 /* ContentView.swift in Sources */ = {isa = PBXBuildFile; fileRef = 2366CF2A25FFFB6A00692718 /* ContentView.swift */; };
		2366CF2D25FFFB6B00692718 /* Assets.xcassets in Resources */ = {isa = PBXBuildFile; fileRef = 2366CF2C25FFFB6B00692718 /* Assets.xcassets */; };
		2366CF3025FFFB6B00692718 /* Preview Assets.xcassets in Resources */ = {isa = PBXBuildFile; fileRef = 2366CF2F25FFFB6B00692718 /* Preview Assets.xcassets */; };
		2366CF3D25FFFD0100692718 /* HomeTabView.swift in Sources */ = {isa = PBXBuildFile; fileRef = 2366CF3C25FFFD0100692718 /* HomeTabView.swift */; };
		2366CF4025FFFEAB00692718 /* SettingsView.swift in Sources */ = {isa = PBXBuildFile; fileRef = 2366CF3F25FFFEAB00692718 /* SettingsView.swift */; };
		2366CF442600028900692718 /* DiscoverView.swift in Sources */ = {isa = PBXBuildFile; fileRef = 2366CF432600028900692718 /* DiscoverView.swift */; };
		2366CF47260002A200692718 /* MoviesView.swift in Sources */ = {isa = PBXBuildFile; fileRef = 2366CF46260002A200692718 /* MoviesView.swift */; };
		2366CF4D2600042B00692718 /* Movie.swift in Sources */ = {isa = PBXBuildFile; fileRef = 2366CF4C2600042B00692718 /* Movie.swift */; };
		2366CF502600077E00692718 /* Cast.swift in Sources */ = {isa = PBXBuildFile; fileRef = 2366CF4F2600077E00692718 /* Cast.swift */; };
		2366CF532600086200692718 /* Review.swift in Sources */ = {isa = PBXBuildFile; fileRef = 2366CF522600086200692718 /* Review.swift */; };
		2366CF562600092000692718 /* NetworkManager.swift in Sources */ = {isa = PBXBuildFile; fileRef = 2366CF552600092000692718 /* NetworkManager.swift */; };
		2366CF592600092800692718 /* API.swift in Sources */ = {isa = PBXBuildFile; fileRef = 2366CF582600092800692718 /* API.swift */; };
		2366CF5C2600095100692718 /* MovieURL.swift in Sources */ = {isa = PBXBuildFile; fileRef = 2366CF5B2600095100692718 /* MovieURL.swift */; };
		2366CF5F26000A3100692718 /* MovieDownloadManager.swift in Sources */ = {isa = PBXBuildFile; fileRef = 2366CF5E26000A3100692718 /* MovieDownloadManager.swift */; };
		2366CF6226000B1200692718 /* ImageLoader.swift in Sources */ = {isa = PBXBuildFile; fileRef = 2366CF6126000B1200692718 /* ImageLoader.swift */; };
		2366CF6526000B6E00692718 /* ImageCache.swift in Sources */ = {isa = PBXBuildFile; fileRef = 2366CF6426000B6E00692718 /* ImageCache.swift */; };
		2366CF6826000FF900692718 /* EnvironmentValues+ImageCache.swift in Sources */ = {isa = PBXBuildFile; fileRef = 2366CF6726000FF900692718 /* EnvironmentValues+ImageCache.swift */; };
		2366CF6B2600107200692718 /* AsyncImage.swift in Sources */ = {isa = PBXBuildFile; fileRef = 2366CF6A2600107200692718 /* AsyncImage.swift */; };
		23CDCE742600D059000F476F /* Alamofire in Frameworks */ = {isa = PBXBuildFile; productRef = 23CDCE732600D059000F476F /* Alamofire */; };
		23CDCE782600D397000F476F /* MovieReviewManager.swift in Sources */ = {isa = PBXBuildFile; fileRef = 23CDCE772600D397000F476F /* MovieReviewManager.swift */; };
		23CDCE7B2600D518000F476F /* MovieCell.swift in Sources */ = {isa = PBXBuildFile; fileRef = 23CDCE7A2600D518000F476F /* MovieCell.swift */; };
		23CDCE7E2600E3C6000F476F /* MovieDetailView.swift in Sources */ = {isa = PBXBuildFile; fileRef = 23CDCE7D2600E3C6000F476F /* MovieDetailView.swift */; };
		23CDCE852600FC7B000F476F /* Extensions.swift in Sources */ = {isa = PBXBuildFile; fileRef = 23CDCE842600FC7B000F476F /* Extensions.swift */; };
/* End PBXBuildFile section */

/* Begin PBXFileReference section */
		2366CF2525FFFB6A00692718 /* Zmovies.app */ = {isa = PBXFileReference; explicitFileType = wrapper.application; includeInIndex = 0; path = Zmovies.app; sourceTree = BUILT_PRODUCTS_DIR; };
		2366CF2825FFFB6A00692718 /* ZMoviesApp.swift */ = {isa = PBXFileReference; lastKnownFileType = sourcecode.swift; path = ZMoviesApp.swift; sourceTree = "<group>"; };
		2366CF2A25FFFB6A00692718 /* ContentView.swift */ = {isa = PBXFileReference; lastKnownFileType = sourcecode.swift; path = ContentView.swift; sourceTree = "<group>"; };
		2366CF2C25FFFB6B00692718 /* Assets.xcassets */ = {isa = PBXFileReference; lastKnownFileType = folder.assetcatalog; path = Assets.xcassets; sourceTree = "<group>"; };
		2366CF2F25FFFB6B00692718 /* Preview Assets.xcassets */ = {isa = PBXFileReference; lastKnownFileType = folder.assetcatalog; path = "Preview Assets.xcassets"; sourceTree = "<group>"; };
		2366CF3125FFFB6B00692718 /* Info.plist */ = {isa = PBXFileReference; lastKnownFileType = text.plist.xml; path = Info.plist; sourceTree = "<group>"; };
		2366CF3C25FFFD0100692718 /* HomeTabView.swift */ = {isa = PBXFileReference; lastKnownFileType = sourcecode.swift; path = HomeTabView.swift; sourceTree = "<group>"; };
		2366CF3F25FFFEAB00692718 /* SettingsView.swift */ = {isa = PBXFileReference; lastKnownFileType = sourcecode.swift; path = SettingsView.swift; sourceTree = "<group>"; };
		2366CF432600028900692718 /* DiscoverView.swift */ = {isa = PBXFileReference; lastKnownFileType = sourcecode.swift; path = DiscoverView.swift; sourceTree = "<group>"; };
		2366CF46260002A200692718 /* MoviesView.swift */ = {isa = PBXFileReference; lastKnownFileType = sourcecode.swift; path = MoviesView.swift; sourceTree = "<group>"; };
		2366CF4C2600042B00692718 /* Movie.swift */ = {isa = PBXFileReference; lastKnownFileType = sourcecode.swift; path = Movie.swift; sourceTree = "<group>"; };
		2366CF4F2600077E00692718 /* Cast.swift */ = {isa = PBXFileReference; lastKnownFileType = sourcecode.swift; path = Cast.swift; sourceTree = "<group>"; };
		2366CF522600086200692718 /* Review.swift */ = {isa = PBXFileReference; lastKnownFileType = sourcecode.swift; path = Review.swift; sourceTree = "<group>"; };
		2366CF552600092000692718 /* NetworkManager.swift */ = {isa = PBXFileReference; lastKnownFileType = sourcecode.swift; path = NetworkManager.swift; sourceTree = "<group>"; };
		2366CF582600092800692718 /* API.swift */ = {isa = PBXFileReference; lastKnownFileType = sourcecode.swift; path = API.swift; sourceTree = "<group>"; };
		2366CF5B2600095100692718 /* MovieURL.swift */ = {isa = PBXFileReference; lastKnownFileType = sourcecode.swift; path = MovieURL.swift; sourceTree = "<group>"; };
		2366CF5E26000A3100692718 /* MovieDownloadManager.swift */ = {isa = PBXFileReference; lastKnownFileType = sourcecode.swift; path = MovieDownloadManager.swift; sourceTree = "<group>"; };
		2366CF6126000B1200692718 /* ImageLoader.swift */ = {isa = PBXFileReference; lastKnownFileType = sourcecode.swift; path = ImageLoader.swift; sourceTree = "<group>"; };
		2366CF6426000B6E00692718 /* ImageCache.swift */ = {isa = PBXFileReference; lastKnownFileType = sourcecode.swift; path = ImageCache.swift; sourceTree = "<group>"; };
		2366CF6726000FF900692718 /* EnvironmentValues+ImageCache.swift */ = {isa = PBXFileReference; lastKnownFileType = sourcecode.swift; path = "EnvironmentValues+ImageCache.swift"; sourceTree = "<group>"; };
		2366CF6A2600107200692718 /* AsyncImage.swift */ = {isa = PBXFileReference; lastKnownFileType = sourcecode.swift; path = AsyncImage.swift; sourceTree = "<group>"; };
		23CDCE772600D397000F476F /* MovieReviewManager.swift */ = {isa = PBXFileReference; lastKnownFileType = sourcecode.swift; path = MovieReviewManager.swift; sourceTree = "<group>"; };
		23CDCE7A2600D518000F476F /* MovieCell.swift */ = {isa = PBXFileReference; lastKnownFileType = sourcecode.swift; path = MovieCell.swift; sourceTree = "<group>"; };
		23CDCE7D2600E3C6000F476F /* MovieDetailView.swift */ = {isa = PBXFileReference; lastKnownFileType = sourcecode.swift; path = MovieDetailView.swift; sourceTree = "<group>"; };
		23CDCE842600FC7B000F476F /* Extensions.swift */ = {isa = PBXFileReference; lastKnownFileType = sourcecode.swift; path = Extensions.swift; sourceTree = "<group>"; };
/* End PBXFileReference section */

/* Begin PBXFrameworksBuildPhase section */
		2366CF2225FFFB6A00692718 /* Frameworks */ = {
			isa = PBXFrameworksBuildPhase;
			buildActionMask = 2147483647;
			files = (
				23CDCE742600D059000F476F /* Alamofire in Frameworks */,
			);
			runOnlyForDeploymentPostprocessing = 0;
		};
/* End PBXFrameworksBuildPhase section */

/* Begin PBXGroup section */
		23151AA3260150DA004C1D35 /* AppHelpers */ = {
			isa = PBXGroup;
			children = (
				23CDCE842600FC7B000F476F /* Extensions.swift */,
			);
			path = AppHelpers;
			sourceTree = "<group>";
		};
		2366CF1C25FFFB6A00692718 = {
			isa = PBXGroup;
			children = (
				2366CF2725FFFB6A00692718 /* ZMovies */,
				2366CF2625FFFB6A00692718 /* Products */,
			);
			sourceTree = "<group>";
		};
		2366CF2625FFFB6A00692718 /* Products */ = {
			isa = PBXGroup;
			children = (
				2366CF2525FFFB6A00692718 /* Zmovies.app */,
			);
			name = Products;
			sourceTree = "<group>";
		};
		2366CF2725FFFB6A00692718 /* ZMovies */ = {
			isa = PBXGroup;
			children = (
				23151AA3260150DA004C1D35 /* AppHelpers */,
				2366CF3B25FFFCAE00692718 /* Views */,
				2366CF3A25FFFCA600692718 /* Models */,
				2366CF3925FFFC8900692718 /* Networking */,
				2366CF3825FFFC7D00692718 /* AsyncImage */,
				2366CF2825FFFB6A00692718 /* ZMoviesApp.swift */,
				2366CF2A25FFFB6A00692718 /* ContentView.swift */,
				2366CF2C25FFFB6B00692718 /* Assets.xcassets */,
				2366CF3125FFFB6B00692718 /* Info.plist */,
				2366CF2E25FFFB6B00692718 /* Preview Content */,
			);
			path = ZMovies;
			sourceTree = "<group>";
		};
		2366CF2E25FFFB6B00692718 /* Preview Content */ = {
			isa = PBXGroup;
			children = (
				2366CF2F25FFFB6B00692718 /* Preview Assets.xcassets */,
			);
			path = "Preview Content";
			sourceTree = "<group>";
		};
		2366CF3825FFFC7D00692718 /* AsyncImage */ = {
			isa = PBXGroup;
			children = (
				2366CF6126000B1200692718 /* ImageLoader.swift */,
				2366CF6426000B6E00692718 /* ImageCache.swift */,
				2366CF6726000FF900692718 /* EnvironmentValues+ImageCache.swift */,
				2366CF6A2600107200692718 /* AsyncImage.swift */,
			);
			path = AsyncImage;
			sourceTree = "<group>";
		};
		2366CF3925FFFC8900692718 /* Networking */ = {
			isa = PBXGroup;
			children = (
				2366CF552600092000692718 /* NetworkManager.swift */,
				2366CF582600092800692718 /* API.swift */,
				2366CF5B2600095100692718 /* MovieURL.swift */,
				2366CF5E26000A3100692718 /* MovieDownloadManager.swift */,
				23CDCE772600D397000F476F /* MovieReviewManager.swift */,
			);
			path = Networking;
			sourceTree = "<group>";
		};
		2366CF3A25FFFCA600692718 /* Models */ = {
			isa = PBXGroup;
			children = (
				2366CF4C2600042B00692718 /* Movie.swift */,
				2366CF4F2600077E00692718 /* Cast.swift */,
				2366CF522600086200692718 /* Review.swift */,
			);
			path = Models;
			sourceTree = "<group>";
		};
		2366CF3B25FFFCAE00692718 /* Views */ = {
			isa = PBXGroup;
			children = (
				2366CF3C25FFFD0100692718 /* HomeTabView.swift */,
				2366CF3F25FFFEAB00692718 /* SettingsView.swift */,
				2366CF46260002A200692718 /* MoviesView.swift */,
				2366CF432600028900692718 /* DiscoverView.swift */,
				23CDCE7A2600D518000F476F /* MovieCell.swift */,
				23CDCE7D2600E3C6000F476F /* MovieDetailView.swift */,
			);
			path = Views;
			sourceTree = "<group>";
		};
/* End PBXGroup section */

/* Begin PBXNativeTarget section */
		2366CF2425FFFB6A00692718 /* Zmovies */ = {
			isa = PBXNativeTarget;
			buildConfigurationList = 2366CF3425FFFB6B00692718 /* Build configuration list for PBXNativeTarget "Zmovies" */;
			buildPhases = (
				2366CF2125FFFB6A00692718 /* Sources */,
				2366CF2225FFFB6A00692718 /* Frameworks */,
				2366CF2325FFFB6A00692718 /* Resources */,
			);
			buildRules = (
			);
			dependencies = (
			);
			name = Zmovies;
			packageProductDependencies = (
				23CDCE732600D059000F476F /* Alamofire */,
			);
			productName = ZMovies;
			productReference = 2366CF2525FFFB6A00692718 /* Zmovies.app */;
			productType = "com.apple.product-type.application";
		};
/* End PBXNativeTarget section */

/* Begin PBXProject section */
		2366CF1D25FFFB6A00692718 /* Project object */ = {
			isa = PBXProject;
			attributes = {
				LastSwiftUpdateCheck = 1220;
				LastUpgradeCheck = 1220;
				TargetAttributes = {
					2366CF2425FFFB6A00692718 = {
						CreatedOnToolsVersion = 12.2;
					};
				};
			};
			buildConfigurationList = 2366CF2025FFFB6A00692718 /* Build configuration list for PBXProject "Zmovies" */;
			compatibilityVersion = "Xcode 9.3";
			developmentRegion = en;
			hasScannedForEncodings = 0;
			knownRegions = (
				en,
				Base,
			);
			mainGroup = 2366CF1C25FFFB6A00692718;
			packageReferences = (
				23CDCE722600D059000F476F /* XCRemoteSwiftPackageReference "Alamofire" */,
			);
			productRefGroup = 2366CF2625FFFB6A00692718 /* Products */;
			projectDirPath = "";
			projectRoot = "";
			targets = (
				2366CF2425FFFB6A00692718 /* Zmovies */,
			);
		};
/* End PBXProject section */

/* Begin PBXResourcesBuildPhase section */
		2366CF2325FFFB6A00692718 /* Resources */ = {
			isa = PBXResourcesBuildPhase;
			buildActionMask = 2147483647;
			files = (
				2366CF3025FFFB6B00692718 /* Preview Assets.xcassets in Resources */,
				2366CF2D25FFFB6B00692718 /* Assets.xcassets in Resources */,
			);
			runOnlyForDeploymentPostprocessing = 0;
		};
/* End PBXResourcesBuildPhase section */

/* Begin PBXSourcesBuildPhase section */
		2366CF2125FFFB6A00692718 /* Sources */ = {
			isa = PBXSourcesBuildPhase;
			buildActionMask = 2147483647;
			files = (
				2366CF6526000B6E00692718 /* ImageCache.swift in Sources */,
				2366CF6226000B1200692718 /* ImageLoader.swift in Sources */,
				23CDCE782600D397000F476F /* MovieReviewManager.swift in Sources */,
				2366CF592600092800692718 /* API.swift in Sources */,
				2366CF6B2600107200692718 /* AsyncImage.swift in Sources */,
				2366CF502600077E00692718 /* Cast.swift in Sources */,
				2366CF6826000FF900692718 /* EnvironmentValues+ImageCache.swift in Sources */,
				2366CF4D2600042B00692718 /* Movie.swift in Sources */,
				2366CF562600092000692718 /* NetworkManager.swift in Sources */,
				2366CF532600086200692718 /* Review.swift in Sources */,
				23CDCE7E2600E3C6000F476F /* MovieDetailView.swift in Sources */,
				2366CF5F26000A3100692718 /* MovieDownloadManager.swift in Sources */,
				2366CF3D25FFFD0100692718 /* HomeTabView.swift in Sources */,
				23CDCE852600FC7B000F476F /* Extensions.swift in Sources */,
				2366CF4025FFFEAB00692718 /* SettingsView.swift in Sources */,
				2366CF47260002A200692718 /* MoviesView.swift in Sources */,
				23CDCE7B2600D518000F476F /* MovieCell.swift in Sources */,
				2366CF5C2600095100692718 /* MovieURL.swift in Sources */,
				2366CF442600028900692718 /* DiscoverView.swift in Sources */,
				2366CF2B25FFFB6A00692718 /* ContentView.swift in Sources */,
				2366CF2925FFFB6A00692718 /* ZMoviesApp.swift in Sources */,
			);
			runOnlyForDeploymentPostprocessing = 0;
		};
/* End PBXSourcesBuildPhase section */

/* Begin XCBuildConfiguration section */
		2366CF3225FFFB6B00692718 /* Debug */ = {
			isa = XCBuildConfiguration;
			buildSettings = {
				ALWAYS_SEARCH_USER_PATHS = NO;
				CLANG_ANALYZER_NONNULL = YES;
				CLANG_ANALYZER_NUMBER_OBJECT_CONVERSION = YES_AGGRESSIVE;
				CLANG_CXX_LANGUAGE_STANDARD = "gnu++14";
				CLANG_CXX_LIBRARY = "libc++";
				CLANG_ENABLE_MODULES = YES;
				CLANG_ENABLE_OBJC_ARC = YES;
				CLANG_ENABLE_OBJC_WEAK = YES;
				CLANG_WARN_BLOCK_CAPTURE_AUTORELEASING = YES;
				CLANG_WARN_BOOL_CONVERSION = YES;
				CLANG_WARN_COMMA = YES;
				CLANG_WARN_CONSTANT_CONVERSION = YES;
				CLANG_WARN_DEPRECATED_OBJC_IMPLEMENTATIONS = YES;
				CLANG_WARN_DIRECT_OBJC_ISA_USAGE = YES_ERROR;
				CLANG_WARN_DOCUMENTATION_COMMENTS = YES;
				CLANG_WARN_EMPTY_BODY = YES;
				CLANG_WARN_ENUM_CONVERSION = YES;
				CLANG_WARN_INFINITE_RECURSION = YES;
				CLANG_WARN_INT_CONVERSION = YES;
				CLANG_WARN_NON_LITERAL_NULL_CONVERSION = YES;
				CLANG_WARN_OBJC_IMPLICIT_RETAIN_SELF = YES;
				CLANG_WARN_OBJC_LITERAL_CONVERSION = YES;
				CLANG_WARN_OBJC_ROOT_CLASS = YES_ERROR;
				CLANG_WARN_QUOTED_INCLUDE_IN_FRAMEWORK_HEADER = YES;
				CLANG_WARN_RANGE_LOOP_ANALYSIS = YES;
				CLANG_WARN_STRICT_PROTOTYPES = YES;
				CLANG_WARN_SUSPICIOUS_MOVE = YES;
				CLANG_WARN_UNGUARDED_AVAILABILITY = YES_AGGRESSIVE;
				CLANG_WARN_UNREACHABLE_CODE = YES;
				CLANG_WARN__DUPLICATE_METHOD_MATCH = YES;
				COPY_PHASE_STRIP = NO;
				DEBUG_INFORMATION_FORMAT = dwarf;
				ENABLE_STRICT_OBJC_MSGSEND = YES;
				ENABLE_TESTABILITY = YES;
				GCC_C_LANGUAGE_STANDARD = gnu11;
				GCC_DYNAMIC_NO_PIC = NO;
				GCC_NO_COMMON_BLOCKS = YES;
				GCC_OPTIMIZATION_LEVEL = 0;
				GCC_PREPROCESSOR_DEFINITIONS = (
					"DEBUG=1",
					"$(inherited)",
				);
				GCC_WARN_64_TO_32_BIT_CONVERSION = YES;
				GCC_WARN_ABOUT_RETURN_TYPE = YES_ERROR;
				GCC_WARN_UNDECLARED_SELECTOR = YES;
				GCC_WARN_UNINITIALIZED_AUTOS = YES_AGGRESSIVE;
				GCC_WARN_UNUSED_FUNCTION = YES;
				GCC_WARN_UNUSED_VARIABLE = YES;
				IPHONEOS_DEPLOYMENT_TARGET = 14.2;
				MTL_ENABLE_DEBUG_INFO = INCLUDE_SOURCE;
				MTL_FAST_MATH = YES;
				ONLY_ACTIVE_ARCH = YES;
				SDKROOT = iphoneos;
				SWIFT_ACTIVE_COMPILATION_CONDITIONS = DEBUG;
				SWIFT_OPTIMIZATION_LEVEL = "-Onone";
			};
			name = Debug;
		};
		2366CF3325FFFB6B00692718 /* Release */ = {
			isa = XCBuildConfiguration;
			buildSettings = {
				ALWAYS_SEARCH_USER_PATHS = NO;
				CLANG_ANALYZER_NONNULL = YES;
				CLANG_ANALYZER_NUMBER_OBJECT_CONVERSION = YES_AGGRESSIVE;
				CLANG_CXX_LANGUAGE_STANDARD = "gnu++14";
				CLANG_CXX_LIBRARY = "libc++";
				CLANG_ENABLE_MODULES = YES;
				CLANG_ENABLE_OBJC_ARC = YES;
				CLANG_ENABLE_OBJC_WEAK = YES;
				CLANG_WARN_BLOCK_CAPTURE_AUTORELEASING = YES;
				CLANG_WARN_BOOL_CONVERSION = YES;
				CLANG_WARN_COMMA = YES;
				CLANG_WARN_CONSTANT_CONVERSION = YES;
				CLANG_WARN_DEPRECATED_OBJC_IMPLEMENTATIONS = YES;
				CLANG_WARN_DIRECT_OBJC_ISA_USAGE = YES_ERROR;
				CLANG_WARN_DOCUMENTATION_COMMENTS = YES;
				CLANG_WARN_EMPTY_BODY = YES;
				CLANG_WARN_ENUM_CONVERSION = YES;
				CLANG_WARN_INFINITE_RECURSION = YES;
				CLANG_WARN_INT_CONVERSION = YES;
				CLANG_WARN_NON_LITERAL_NULL_CONVERSION = YES;
				CLANG_WARN_OBJC_IMPLICIT_RETAIN_SELF = YES;
				CLANG_WARN_OBJC_LITERAL_CONVERSION = YES;
				CLANG_WARN_OBJC_ROOT_CLASS = YES_ERROR;
				CLANG_WARN_QUOTED_INCLUDE_IN_FRAMEWORK_HEADER = YES;
				CLANG_WARN_RANGE_LOOP_ANALYSIS = YES;
				CLANG_WARN_STRICT_PROTOTYPES = YES;
				CLANG_WARN_SUSPICIOUS_MOVE = YES;
				CLANG_WARN_UNGUARDED_AVAILABILITY = YES_AGGRESSIVE;
				CLANG_WARN_UNREACHABLE_CODE = YES;
				CLANG_WARN__DUPLICATE_METHOD_MATCH = YES;
				COPY_PHASE_STRIP = NO;
				DEBUG_INFORMATION_FORMAT = "dwarf-with-dsym";
				ENABLE_NS_ASSERTIONS = NO;
				ENABLE_STRICT_OBJC_MSGSEND = YES;
				GCC_C_LANGUAGE_STANDARD = gnu11;
				GCC_NO_COMMON_BLOCKS = YES;
				GCC_WARN_64_TO_32_BIT_CONVERSION = YES;
				GCC_WARN_ABOUT_RETURN_TYPE = YES_ERROR;
				GCC_WARN_UNDECLARED_SELECTOR = YES;
				GCC_WARN_UNINITIALIZED_AUTOS = YES_AGGRESSIVE;
				GCC_WARN_UNUSED_FUNCTION = YES;
				GCC_WARN_UNUSED_VARIABLE = YES;
				IPHONEOS_DEPLOYMENT_TARGET = 14.2;
				MTL_ENABLE_DEBUG_INFO = NO;
				MTL_FAST_MATH = YES;
				SDKROOT = iphoneos;
				SWIFT_COMPILATION_MODE = wholemodule;
				SWIFT_OPTIMIZATION_LEVEL = "-O";
				VALIDATE_PRODUCT = YES;
			};
			name = Release;
		};
		2366CF3525FFFB6B00692718 /* Debug */ = {
			isa = XCBuildConfiguration;
			buildSettings = {
				ASSETCATALOG_COMPILER_APPICON_NAME = AppIcon;
				ASSETCATALOG_COMPILER_GLOBAL_ACCENT_COLOR_NAME = AccentColor;
				CODE_SIGN_STYLE = Automatic;
				DEVELOPMENT_ASSET_PATHS = "\"ZMovies/Preview Content\"";
				DEVELOPMENT_TEAM = 3Z2FQ8D579;
				ENABLE_PREVIEWS = YES;
				INFOPLIST_FILE = ZMovies/Info.plist;
				IPHONEOS_DEPLOYMENT_TARGET = 14.0;
				LD_RUNPATH_SEARCH_PATHS = (
					"$(inherited)",
					"@executable_path/Frameworks",
				);
				PRODUCT_BUNDLE_IDENTIFIER = com.zlhn..ZMovies;
				PRODUCT_NAME = "$(TARGET_NAME)";
				SWIFT_VERSION = 5.0;
				TARGETED_DEVICE_FAMILY = "1,2";
			};
			name = Debug;
		};
		2366CF3625FFFB6B00692718 /* Release */ = {
			isa = XCBuildConfiguration;
			buildSettings = {
				ASSETCATALOG_COMPILER_APPICON_NAME = AppIcon;
				ASSETCATALOG_COMPILER_GLOBAL_ACCENT_COLOR_NAME = AccentColor;
				CODE_SIGN_STYLE = Automatic;
				DEVELOPMENT_ASSET_PATHS = "\"ZMovies/Preview Content\"";
				DEVELOPMENT_TEAM = 3Z2FQ8D579;
				ENABLE_PREVIEWS = YES;
				INFOPLIST_FILE = ZMovies/Info.plist;
				IPHONEOS_DEPLOYMENT_TARGET = 14.0;
				LD_RUNPATH_SEARCH_PATHS = (
					"$(inherited)",
					"@executable_path/Frameworks",
				);
				PRODUCT_BUNDLE_IDENTIFIER = com.zlhn..ZMovies;
				PRODUCT_NAME = "$(TARGET_NAME)";
				SWIFT_VERSION = 5.0;
				TARGETED_DEVICE_FAMILY = "1,2";
			};
			name = Release;
		};
/* End XCBuildConfiguration section */

/* Begin XCConfigurationList section */
		2366CF2025FFFB6A00692718 /* Build configuration list for PBXProject "Zmovies" */ = {
			isa = XCConfigurationList;
			buildConfigurations = (
				2366CF3225FFFB6B00692718 /* Debug */,
				2366CF3325FFFB6B00692718 /* Release */,
			);
			defaultConfigurationIsVisible = 0;
			defaultConfigurationName = Release;
		};
		2366CF3425FFFB6B00692718 /* Build configuration list for PBXNativeTarget "Zmovies" */ = {
			isa = XCConfigurationList;
			buildConfigurations = (
				2366CF3525FFFB6B00692718 /* Debug */,
				2366CF3625FFFB6B00692718 /* Release */,
			);
			defaultConfigurationIsVisible = 0;
			defaultConfigurationName = Release;
		};
/* End XCConfigurationList section */

/* Begin XCRemoteSwiftPackageReference section */
		23CDCE722600D059000F476F /* XCRemoteSwiftPackageReference "Alamofire" */ = {
			isa = XCRemoteSwiftPackageReference;
			repositoryURL = "https://github.com/Alamofire/Alamofire.git";
			requirement = {
				kind = upToNextMajorVersion;
				minimumVersion = 5.4.1;
			};
		};
/* End XCRemoteSwiftPackageReference section */

/* Begin XCSwiftPackageProductDependency section */
		23CDCE732600D059000F476F /* Alamofire */ = {
			isa = XCSwiftPackageProductDependency;
			package = 23CDCE722600D059000F476F /* XCRemoteSwiftPackageReference "Alamofire" */;
			productName = Alamofire;
		};
/* End XCSwiftPackageProductDependency section */
	};
	rootObject = 2366CF1D25FFFB6A00692718 /* Project object */;
}
